// !$*UTF8*$!
{
	archiveVersion = 1;
	classes = {
	};
	objectVersion = 50;
	objects = {

/* Begin PBXBuildFile section */
		8106C87321B7B8E20066A291 /* AppDelegate.m in Sources */ = {isa = PBXBuildFile; fileRef = 8106C87221B7B8E20066A291 /* AppDelegate.m */; };
		8106C87621B7B8E20066A291 /* ViewController.m in Sources */ = {isa = PBXBuildFile; fileRef = 8106C87521B7B8E20066A291 /* ViewController.m */; };
		8106C87921B7B8E20066A291 /* Main.storyboard in Resources */ = {isa = PBXBuildFile; fileRef = 8106C87721B7B8E20066A291 /* Main.storyboard */; };
		8106C87B21B7B8E30066A291 /* Assets.xcassets in Resources */ = {isa = PBXBuildFile; fileRef = 8106C87A21B7B8E30066A291 /* Assets.xcassets */; };
		8106C87E21B7B8E30066A291 /* LaunchScreen.storyboard in Resources */ = {isa = PBXBuildFile; fileRef = 8106C87C21B7B8E30066A291 /* LaunchScreen.storyboard */; };
		8106C88121B7B8E30066A291 /* main.m in Sources */ = {isa = PBXBuildFile; fileRef = 8106C88021B7B8E30066A291 /* main.m */; };
/* End PBXBuildFile section */

/* Begin PBXFileReference section */
		8106C86E21B7B8E20066A291 /* TZBCompomentDemo.app */ = {isa = PBXFileReference; explicitFileType = wrapper.application; includeInIndex = 0; path = TZBCompomentDemo.app; sourceTree = BUILT_PRODUCTS_DIR; };
		8106C87121B7B8E20066A291 /* AppDelegate.h */ = {isa = PBXFileReference; lastKnownFileType = sourcecode.c.h; path = AppDelegate.h; sourceTree = "<group>"; };
		8106C87221B7B8E20066A291 /* AppDelegate.m */ = {isa = PBXFileReference; lastKnownFileType = sourcecode.c.objc; path = AppDelegate.m; sourceTree = "<group>"; };
		8106C87421B7B8E20066A291 /* ViewController.h */ = {isa = PBXFileReference; lastKnownFileType = sourcecode.c.h; path = ViewController.h; sourceTree = "<group>"; };
		8106C87521B7B8E20066A291 /* ViewController.m */ = {isa = PBXFileReference; lastKnownFileType = sourcecode.c.objc; path = ViewController.m; sourceTree = "<group>"; };
		8106C87821B7B8E20066A291 /* Base */ = {isa = PBXFileReference; lastKnownFileType = file.storyboard; name = Base; path = Base.lproj/Main.storyboard; sourceTree = "<group>"; };
		8106C87A21B7B8E30066A291 /* Assets.xcassets */ = {isa = PBXFileReference; lastKnownFileType = folder.assetcatalog; path = Assets.xcassets; sourceTree = "<group>"; };
		8106C87D21B7B8E30066A291 /* Base */ = {isa = PBXFileReference; lastKnownFileType = file.storyboard; name = Base; path = Base.lproj/LaunchScreen.storyboard; sourceTree = "<group>"; };
		8106C87F21B7B8E30066A291 /* Info.plist */ = {isa = PBXFileReference; lastKnownFileType = text.plist.xml; path = Info.plist; sourceTree = "<group>"; };
		8106C88021B7B8E30066A291 /* main.m */ = {isa = PBXFileReference; lastKnownFileType = sourcecode.c.objc; path = main.m; sourceTree = "<group>"; };
/* End PBXFileReference section */

/* Begin PBXFrameworksBuildPhase section */
		8106C86B21B7B8E20066A291 /* Frameworks */ = {
			isa = PBXFrameworksBuildPhase;
			buildActionMask = 2147483647;
			files = (
			);
			runOnlyForDeploymentPostprocessing = 0;
		};
/* End PBXFrameworksBuildPhase section */

/* Begin PBXGroup section */
		8106C86521B7B8E20066A291 = {
			isa = PBXGroup;
			children = (
				8106C87021B7B8E20066A291 /* TZBCompomentDemo */,
				8106C86F21B7B8E20066A291 /* Products */,
			);
			sourceTree = "<group>";
		};
		8106C86F21B7B8E20066A291 /* Products */ = {
			isa = PBXGroup;
			children = (
				8106C86E21B7B8E20066A291 /* TZBCompomentDemo.app */,
			);
			name = Products;
			sourceTree = "<group>";
		};
		8106C87021B7B8E20066A291 /* TZBCompomentDemo */ = {
			isa = PBXGroup;
			children = (
				8106C87121B7B8E20066A291 /* AppDelegate.h */,
				8106C87221B7B8E20066A291 /* AppDelegate.m */,
				8106C87421B7B8E20066A291 /* ViewController.h */,
				8106C87521B7B8E20066A291 /* ViewController.m */,
				8106C87721B7B8E20066A291 /* Main.storyboard */,
				8106C87A21B7B8E30066A291 /* Assets.xcassets */,
				8106C87C21B7B8E30066A291 /* LaunchScreen.storyboard */,
				8106C87F21B7B8E30066A291 /* Info.plist */,
				8106C88021B7B8E30066A291 /* main.m */,
			);
			path = TZBCompomentDemo;
			sourceTree = "<group>";
		};
/* End PBXGroup section */

/* Begin PBXNativeTarget section */
		8106C86D21B7B8E20066A291 /* TZBCompomentDemo */ = {
			isa = PBXNativeTarget;
			buildConfigurationList = 8106C88421B7B8E30066A291 /* Build configuration list for PBXNativeTarget "TZBCompomentDemo" */;
			buildPhases = (
				8106C86A21B7B8E20066A291 /* Sources */,
				8106C86B21B7B8E20066A291 /* Frameworks */,
				8106C86C21B7B8E20066A291 /* Resources */,
			);
			buildRules = (
			);
			dependencies = (
			);
			name = TZBCompomentDemo;
			productName = TZBCompomentDemo;
			productReference = 8106C86E21B7B8E20066A291 /* TZBCompomentDemo.app */;
			productType = "com.apple.product-type.application";
		};
/* End PBXNativeTarget section */

/* Begin PBXProject section */
		8106C86621B7B8E20066A291 /* Project object */ = {
			isa = PBXProject;
			attributes = {
				LastUpgradeCheck = 1010;
				ORGANIZATIONNAME = tangzhibiao;
				TargetAttributes = {
					8106C86D21B7B8E20066A291 = {
						CreatedOnToolsVersion = 10.1;
					};
				};
			};
			buildConfigurationList = 8106C86921B7B8E20066A291 /* Build configuration list for PBXProject "TZBCompomentDemo" */;
			compatibilityVersion = "Xcode 9.3";
			developmentRegion = en;
			hasScannedForEncodings = 0;
			knownRegions = (
				en,
				Base,
			);
			mainGroup = 8106C86521B7B8E20066A291;
			productRefGroup = 8106C86F21B7B8E20066A291 /* Products */;
			projectDirPath = "";
			projectRoot = "";
			targets = (
				8106C86D21B7B8E20066A291 /* TZBCompomentDemo */,
			);
		};
/* End PBXProject section */

/* Begin PBXResourcesBuildPhase section */
		8106C86C21B7B8E20066A291 /* Resources */ = {
			isa = PBXResourcesBuildPhase;
			buildActionMask = 2147483647;
			files = (
				8106C87E21B7B8E30066A291 /* LaunchScreen.storyboard in Resources */,
				8106C87B21B7B8E30066A291 /* Assets.xcassets in Resources */,
				8106C87921B7B8E20066A291 /* Main.storyboard in Resources */,
			);
			runOnlyForDeploymentPostprocessing = 0;
		};
/* End PBXResourcesBuildPhase section */

/* Begin PBXSourcesBuildPhase section */
		8106C86A21B7B8E20066A291 /* Sources */ = {
			isa = PBXSourcesBuildPhase;
			buildActionMask = 2147483647;
			files = (
				8106C87621B7B8E20066A291 /* ViewController.m in Sources */,
				8106C88121B7B8E30066A291 /* main.m in Sources */,
				8106C87321B7B8E20066A291 /* AppDelegate.m in Sources */,
			);
			runOnlyForDeploymentPostprocessing = 0;
		};
/* End PBXSourcesBuildPhase section */

/* Begin PBXVariantGroup section */
		8106C87721B7B8E20066A291 /* Main.storyboard */ = {
			isa = PBXVariantGroup;
			children = (
				8106C87821B7B8E20066A291 /* Base */,
			);
			name = Main.storyboard;
			sourceTree = "<group>";
		};
		8106C87C21B7B8E30066A291 /* LaunchScreen.storyboard */ = {
			isa = PBXVariantGroup;
			children = (
				8106C87D21B7B8E30066A291 /* Base */,
			);
			name = LaunchScreen.storyboard;
			sourceTree = "<group>";
		};
/* End PBXVariantGroup section */

/* Begin XCBuildConfiguration section */
		8106C88221B7B8E30066A291 /* Debug */ = {
			isa = XCBuildConfiguration;
			buildSettings = {
				ALWAYS_SEARCH_USER_PATHS = NO;
				CLANG_ANALYZER_NONNULL = YES;
				CLANG_ANALYZER_NUMBER_OBJECT_CONVERSION = YES_AGGRESSIVE;
				CLANG_CXX_LANGUAGE_STANDARD = "gnu++14";
				CLANG_CXX_LIBRARY = "libc++";
				CLANG_ENABLE_MODULES = YES;
				CLANG_ENABLE_OBJC_ARC = YES;
				CLANG_ENABLE_OBJC_WEAK = YES;
				CLANG_WARN_BLOCK_CAPTURE_AUTORELEASING = YES;
				CLANG_WARN_BOOL_CONVERSION = YES;
				CLANG_WARN_COMMA = YES;
				CLANG_WARN_CONSTANT_CONVERSION = YES;
				CLANG_WARN_DEPRECATED_OBJC_IMPLEMENTATIONS = YES;
				CLANG_WARN_DIRECT_OBJC_ISA_USAGE = YES_ERROR;
				CLANG_WARN_DOCUMENTATION_COMMENTS = YES;
				CLANG_WARN_EMPTY_BODY = YES;
				CLANG_WARN_ENUM_CONVERSION = YES;
				CLANG_WARN_INFINITE_RECURSION = YES;
				CLANG_WARN_INT_CONVERSION = YES;
				CLANG_WARN_NON_LITERAL_NULL_CONVERSION = YES;
				CLANG_WARN_OBJC_IMPLICIT_RETAIN_SELF = YES;
				CLANG_WARN_OBJC_LITERAL_CONVERSION = YES;
				CLANG_WARN_OBJC_ROOT_CLASS = YES_ERROR;
				CLANG_WARN_RANGE_LOOP_ANALYSIS = YES;
				CLANG_WARN_STRICT_PROTOTYPES = YES;
				CLANG_WARN_SUSPICIOUS_MOVE = YES;
				CLANG_WARN_UNGUARDED_AVAILABILITY = YES_AGGRESSIVE;
				CLANG_WARN_UNREACHABLE_CODE = YES;
				CLANG_WARN__DUPLICATE_METHOD_MATCH = YES;
				CODE_SIGN_IDENTITY = "iPhone Developer";
				COPY_PHASE_STRIP = NO;
				DEBUG_INFORMATION_FORMAT = dwarf;
				ENABLE_STRICT_OBJC_MSGSEND = YES;
				ENABLE_TESTABILITY = YES;
				GCC_C_LANGUAGE_STANDARD = gnu11;
				GCC_DYNAMIC_NO_PIC = NO;
				GCC_NO_COMMON_BLOCKS = YES;
				GCC_OPTIMIZATION_LEVEL = 0;
				GCC_PREPROCESSOR_DEFINITIONS = (
					"DEBUG=1",
					"$(inherited)",
				);
				GCC_WARN_64_TO_32_BIT_CONVERSION = YES;
				GCC_WARN_ABOUT_RETURN_TYPE = YES_ERROR;
				GCC_WARN_UNDECLARED_SELECTOR = YES;
				GCC_WARN_UNINITIALIZED_AUTOS = YES_AGGRESSIVE;
				GCC_WARN_UNUSED_FUNCTION = YES;
				GCC_WARN_UNUSED_VARIABLE = YES;
				IPHONEOS_DEPLOYMENT_TARGET = 12.1;
				MTL_ENABLE_DEBUG_INFO = INCLUDE_SOURCE;
				MTL_FAST_MATH = YES;
				ONLY_ACTIVE_ARCH = YES;
				SDKROOT = iphoneos;
			};
			name = Debug;
		};
		8106C88321B7B8E30066A291 /* Release */ = {
			isa = XCBuildConfiguration;
			buildSettings = {
				ALWAYS_SEARCH_USER_PATHS = NO;
				CLANG_ANALYZER_NONNULL = YES;
				CLANG_ANALYZER_NUMBER_OBJECT_CONVERSION = YES_AGGRESSIVE;
				CLANG_CXX_LANGUAGE_STANDARD = "gnu++14";
				CLANG_CXX_LIBRARY = "libc++";
				CLANG_ENABLE_MODULES = YES;
				CLANG_ENABLE_OBJC_ARC = YES;
				CLANG_ENABLE_OBJC_WEAK = YES;
				CLANG_WARN_BLOCK_CAPTURE_AUTORELEASING = YES;
				CLANG_WARN_BOOL_CONVERSION = YES;
				CLANG_WARN_COMMA = YES;
				CLANG_WARN_CONSTANT_CONVERSION = YES;
				CLANG_WARN_DEPRECATED_OBJC_IMPLEMENTATIONS = YES;
				CLANG_WARN_DIRECT_OBJC_ISA_USAGE = YES_ERROR;
				CLANG_WARN_DOCUMENTATION_COMMENTS = YES;
				CLANG_WARN_EMPTY_BODY = YES;
				CLANG_WARN_ENUM_CONVERSION = YES;
				CLANG_WARN_INFINITE_RECURSION = YES;
				CLANG_WARN_INT_CONVERSION = YES;
				CLANG_WARN_NON_LITERAL_NULL_CONVERSION = YES;
				CLANG_WARN_OBJC_IMPLICIT_RETAIN_SELF = YES;
				CLANG_WARN_OBJC_LITERAL_CONVERSION = YES;
				CLANG_WARN_OBJC_ROOT_CLASS = YES_ERROR;
				CLANG_WARN_RANGE_LOOP_ANALYSIS = YES;
				CLANG_WARN_STRICT_PROTOTYPES = YES;
				CLANG_WARN_SUSPICIOUS_MOVE = YES;
				CLANG_WARN_UNGUARDED_AVAILABILITY = YES_AGGRESSIVE;
				CLANG_WARN_UNREACHABLE_CODE = YES;
				CLANG_WARN__DUPLICATE_METHOD_MATCH = YES;
				CODE_SIGN_IDENTITY = "iPhone Developer";
				COPY_PHASE_STRIP = NO;
				DEBUG_INFORMATION_FORMAT = "dwarf-with-dsym";
				ENABLE_NS_ASSERTIONS = NO;
				ENABLE_STRICT_OBJC_MSGSEND = YES;
				GCC_C_LANGUAGE_STANDARD = gnu11;
				GCC_NO_COMMON_BLOCKS = YES;
				GCC_WARN_64_TO_32_BIT_CONVERSION = YES;
				GCC_WARN_ABOUT_RETURN_TYPE = YES_ERROR;
				GCC_WARN_UNDECLARED_SELECTOR = YES;
				GCC_WARN_UNINITIALIZED_AUTOS = YES_AGGRESSIVE;
				GCC_WARN_UNUSED_FUNCTION = YES;
				GCC_WARN_UNUSED_VARIABLE = YES;
				IPHONEOS_DEPLOYMENT_TARGET = 12.1;
				MTL_ENABLE_DEBUG_INFO = NO;
				MTL_FAST_MATH = YES;
				SDKROOT = iphoneos;
				VALIDATE_PRODUCT = YES;
			};
			name = Release;
		};
		8106C88521B7B8E30066A291 /* Debug */ = {
			isa = XCBuildConfiguration;
			buildSettings = {
				ASSETCATALOG_COMPILER_APPICON_NAME = AppIcon;
				CODE_SIGN_STYLE = Automatic;
				INFOPLIST_FILE = TZBCompomentDemo/Info.plist;
				LD_RUNPATH_SEARCH_PATHS = (
					"$(inherited)",
					"@executable_path/Frameworks",
				);
				PRODUCT_BUNDLE_IDENTIFIER = com.yz.app.TZBCompomentDemo;
				PRODUCT_NAME = "$(TARGET_NAME)";
				TARGETED_DEVICE_FAMILY = "1,2";
			};
			name = Debug;
		};
		8106C88621B7B8E30066A291 /* Release */ = {
			isa = XCBuildConfiguration;
			buildSettings = {
				ASSETCATALOG_COMPILER_APPICON_NAME = AppIcon;
				CODE_SIGN_STYLE = Automatic;
				INFOPLIST_FILE = TZBCompomentDemo/Info.plist;
				LD_RUNPATH_SEARCH_PATHS = (
					"$(inherited)",
					"@executable_path/Frameworks",
				);
				PRODUCT_BUNDLE_IDENTIFIER = com.yz.app.TZBCompomentDemo;
				PRODUCT_NAME = "$(TARGET_NAME)";
				TARGETED_DEVICE_FAMILY = "1,2";
			};
			name = Release;
		};
/* End XCBuildConfiguration section */

/* Begin XCConfigurationList section */
		8106C86921B7B8E20066A291 /* Build configuration list for PBXProject "TZBCompomentDemo" */ = {
			isa = XCConfigurationList;
			buildConfigurations = (
				8106C88221B7B8E30066A291 /* Debug */,
				8106C88321B7B8E30066A291 /* Release */,
			);
			defaultConfigurationIsVisible = 0;
			defaultConfigurationName = Release;
		};
		8106C88421B7B8E30066A291 /* Build configuration list for PBXNativeTarget "TZBCompomentDemo" */ = {
			isa = XCConfigurationList;
			buildConfigurations = (
				8106C88521B7B8E30066A291 /* Debug */,
				8106C88621B7B8E30066A291 /* Release */,
			);
			defaultConfigurationIsVisible = 0;
			defaultConfigurationName = Release;
		};
/* End XCConfigurationList section */
	};
	rootObject = 8106C86621B7B8E20066A291 /* Project object */;
}
